// !$*UTF8*$!
{
	archiveVersion = 1;
	classes = {
	};
	objectVersion = 77;
	objects = {

/* Begin PBXContainerItemProxy section */
		E915C8652D98C64F000C0BD9 /* PBXContainerItemProxy */ = {
			isa = PBXContainerItemProxy;
			containerPortal = E915C8462D98C64D000C0BD9 /* Project object */;
			proxyType = 1;
			remoteGlobalIDString = E915C84D2D98C64D000C0BD9;
			remoteInfo = "Project1-ToDoList-Casafranca";
		};
		E915C86F2D98C64F000C0BD9 /* PBXContainerItemProxy */ = {
			isa = PBXContainerItemProxy;
			containerPortal = E915C8462D98C64D000C0BD9 /* Project object */;
			proxyType = 1;
			remoteGlobalIDString = E915C84D2D98C64D000C0BD9;
			remoteInfo = "Project1-ToDoList-Casafranca";
		};
/* End PBXContainerItemProxy section */

/* Begin PBXFileReference section */
		E915C84E2D98C64D000C0BD9 /* Project1-ToDoList-Casafranca.app */ = {isa = PBXFileReference; explicitFileType = wrapper.application; includeInIndex = 0; path = "Project1-ToDoList-Casafranca.app"; sourceTree = BUILT_PRODUCTS_DIR; };
		E915C8642D98C64F000C0BD9 /* Project1-ToDoList-CasafrancaTests.xctest */ = {isa = PBXFileReference; explicitFileType = wrapper.cfbundle; includeInIndex = 0; path = "Project1-ToDoList-CasafrancaTests.xctest"; sourceTree = BUILT_PRODUCTS_DIR; };
		E915C86E2D98C64F000C0BD9 /* Project1-ToDoList-CasafrancaUITests.xctest */ = {isa = PBXFileReference; explicitFileType = wrapper.cfbundle; includeInIndex = 0; path = "Project1-ToDoList-CasafrancaUITests.xctest"; sourceTree = BUILT_PRODUCTS_DIR; };
/* End PBXFileReference section */

/* Begin PBXFileSystemSynchronizedBuildFileExceptionSet section */
		E915C8762D98C64F000C0BD9 /* Exceptions for "Project1-ToDoList-Casafranca" folder in "Project1-ToDoList-Casafranca" target */ = {
			isa = PBXFileSystemSynchronizedBuildFileExceptionSet;
			membershipExceptions = (
				Info.plist,
			);
			target = E915C84D2D98C64D000C0BD9 /* Project1-ToDoList-Casafranca */;
		};
/* End PBXFileSystemSynchronizedBuildFileExceptionSet section */

/* Begin PBXFileSystemSynchronizedRootGroup section */
		E915C8502D98C64D000C0BD9 /* Project1-ToDoList-Casafranca */ = {
			isa = PBXFileSystemSynchronizedRootGroup;
			exceptions = (
				E915C8762D98C64F000C0BD9 /* Exceptions for "Project1-ToDoList-Casafranca" folder in "Project1-ToDoList-Casafranca" target */,
			);
			path = "Project1-ToDoList-Casafranca";
			sourceTree = "<group>";
		};
		E915C8672D98C64F000C0BD9 /* Project1-ToDoList-CasafrancaTests */ = {
			isa = PBXFileSystemSynchronizedRootGroup;
			path = "Project1-ToDoList-CasafrancaTests";
			sourceTree = "<group>";
		};
		E915C8712D98C64F000C0BD9 /* Project1-ToDoList-CasafrancaUITests */ = {
			isa = PBXFileSystemSynchronizedRootGroup;
			path = "Project1-ToDoList-CasafrancaUITests";
			sourceTree = "<group>";
		};
/* End PBXFileSystemSynchronizedRootGroup section */

/* Begin PBXFrameworksBuildPhase section */
		E915C84B2D98C64D000C0BD9 /* Frameworks */ = {
			isa = PBXFrameworksBuildPhase;
			buildActionMask = 2147483647;
			files = (
			);
			runOnlyForDeploymentPostprocessing = 0;
		};
		E915C8612D98C64F000C0BD9 /* Frameworks */ = {
			isa = PBXFrameworksBuildPhase;
			buildActionMask = 2147483647;
			files = (
			);
			runOnlyForDeploymentPostprocessing = 0;
		};
		E915C86B2D98C64F000C0BD9 /* Frameworks */ = {
			isa = PBXFrameworksBuildPhase;
			buildActionMask = 2147483647;
			files = (
			);
			runOnlyForDeploymentPostprocessing = 0;
		};
/* End PBXFrameworksBuildPhase section */

/* Begin PBXGroup section */
		E915C8452D98C64D000C0BD9 = {
			isa = PBXGroup;
			children = (
				E915C8502D98C64D000C0BD9 /* Project1-ToDoList-Casafranca */,
				E915C8672D98C64F000C0BD9 /* Project1-ToDoList-CasafrancaTests */,
				E915C8712D98C64F000C0BD9 /* Project1-ToDoList-CasafrancaUITests */,
				E915C84F2D98C64D000C0BD9 /* Products */,
			);
			sourceTree = "<group>";
		};
		E915C84F2D98C64D000C0BD9 /* Products */ = {
			isa = PBXGroup;
			children = (
				E915C84E2D98C64D000C0BD9 /* Project1-ToDoList-Casafranca.app */,
				E915C8642D98C64F000C0BD9 /* Project1-ToDoList-CasafrancaTests.xctest */,
				E915C86E2D98C64F000C0BD9 /* Project1-ToDoList-CasafrancaUITests.xctest */,
			);
			name = Products;
			sourceTree = "<group>";
		};
/* End PBXGroup section */

/* Begin PBXNativeTarget section */
		E915C84D2D98C64D000C0BD9 /* Project1-ToDoList-Casafranca */ = {
			isa = PBXNativeTarget;
			buildConfigurationList = E915C8772D98C64F000C0BD9 /* Build configuration list for PBXNativeTarget "Project1-ToDoList-Casafranca" */;
			buildPhases = (
				E915C84A2D98C64D000C0BD9 /* Sources */,
				E915C84B2D98C64D000C0BD9 /* Frameworks */,
				E915C84C2D98C64D000C0BD9 /* Resources */,
			);
			buildRules = (
			);
			dependencies = (
			);
			fileSystemSynchronizedGroups = (
				E915C8502D98C64D000C0BD9 /* Project1-ToDoList-Casafranca */,
			);
			name = "Project1-ToDoList-Casafranca";
			packageProductDependencies = (
			);
			productName = "Project1-ToDoList-Casafranca";
			productReference = E915C84E2D98C64D000C0BD9 /* Project1-ToDoList-Casafranca.app */;
			productType = "com.apple.product-type.application";
		};
		E915C8632D98C64F000C0BD9 /* Project1-ToDoList-CasafrancaTests */ = {
			isa = PBXNativeTarget;
			buildConfigurationList = E915C87C2D98C64F000C0BD9 /* Build configuration list for PBXNativeTarget "Project1-ToDoList-CasafrancaTests" */;
			buildPhases = (
				E915C8602D98C64F000C0BD9 /* Sources */,
				E915C8612D98C64F000C0BD9 /* Frameworks */,
				E915C8622D98C64F000C0BD9 /* Resources */,
			);
			buildRules = (
			);
			dependencies = (
				E915C8662D98C64F000C0BD9 /* PBXTargetDependency */,
			);
			fileSystemSynchronizedGroups = (
				E915C8672D98C64F000C0BD9 /* Project1-ToDoList-CasafrancaTests */,
			);
			name = "Project1-ToDoList-CasafrancaTests";
			packageProductDependencies = (
			);
			productName = "Project1-ToDoList-CasafrancaTests";
			productReference = E915C8642D98C64F000C0BD9 /* Project1-ToDoList-CasafrancaTests.xctest */;
			productType = "com.apple.product-type.bundle.unit-test";
		};
		E915C86D2D98C64F000C0BD9 /* Project1-ToDoList-CasafrancaUITests */ = {
			isa = PBXNativeTarget;
			buildConfigurationList = E915C87F2D98C64F000C0BD9 /* Build configuration list for PBXNativeTarget "Project1-ToDoList-CasafrancaUITests" */;
			buildPhases = (
				E915C86A2D98C64F000C0BD9 /* Sources */,
				E915C86B2D98C64F000C0BD9 /* Frameworks */,
				E915C86C2D98C64F000C0BD9 /* Resources */,
			);
			buildRules = (
			);
			dependencies = (
				E915C8702D98C64F000C0BD9 /* PBXTargetDependency */,
			);
			fileSystemSynchronizedGroups = (
				E915C8712D98C64F000C0BD9 /* Project1-ToDoList-CasafrancaUITests */,
			);
			name = "Project1-ToDoList-CasafrancaUITests";
			packageProductDependencies = (
			);
			productName = "Project1-ToDoList-CasafrancaUITests";
			productReference = E915C86E2D98C64F000C0BD9 /* Project1-ToDoList-CasafrancaUITests.xctest */;
			productType = "com.apple.product-type.bundle.ui-testing";
		};
/* End PBXNativeTarget section */

/* Begin PBXProject section */
		E915C8462D98C64D000C0BD9 /* Project object */ = {
			isa = PBXProject;
			attributes = {
				BuildIndependentTargetsInParallel = 1;
				LastSwiftUpdateCheck = 1620;
				LastUpgradeCheck = 1620;
				TargetAttributes = {
					E915C84D2D98C64D000C0BD9 = {
						CreatedOnToolsVersion = 16.2;
					};
					E915C8632D98C64F000C0BD9 = {
						CreatedOnToolsVersion = 16.2;
						TestTargetID = E915C84D2D98C64D000C0BD9;
					};
					E915C86D2D98C64F000C0BD9 = {
						CreatedOnToolsVersion = 16.2;
						TestTargetID = E915C84D2D98C64D000C0BD9;
					};
				};
			};
			buildConfigurationList = E915C8492D98C64D000C0BD9 /* Build configuration list for PBXProject "Project1-ToDoList-Casafranca" */;
			developmentRegion = en;
			hasScannedForEncodings = 0;
			knownRegions = (
				en,
				Base,
			);
			mainGroup = E915C8452D98C64D000C0BD9;
			minimizedProjectReferenceProxies = 1;
			preferredProjectObjectVersion = 77;
			productRefGroup = E915C84F2D98C64D000C0BD9 /* Products */;
			projectDirPath = "";
			projectRoot = "";
			targets = (
				E915C84D2D98C64D000C0BD9 /* Project1-ToDoList-Casafranca */,
				E915C8632D98C64F000C0BD9 /* Project1-ToDoList-CasafrancaTests */,
				E915C86D2D98C64F000C0BD9 /* Project1-ToDoList-CasafrancaUITests */,
			);
		};
/* End PBXProject section */

/* Begin PBXResourcesBuildPhase section */
		E915C84C2D98C64D000C0BD9 /* Resources */ = {
			isa = PBXResourcesBuildPhase;
			buildActionMask = 2147483647;
			files = (
			);
			runOnlyForDeploymentPostprocessing = 0;
		};
		E915C8622D98C64F000C0BD9 /* Resources */ = {
			isa = PBXResourcesBuildPhase;
			buildActionMask = 2147483647;
			files = (
			);
			runOnlyForDeploymentPostprocessing = 0;
		};
		E915C86C2D98C64F000C0BD9 /* Resources */ = {
			isa = PBXResourcesBuildPhase;
			buildActionMask = 2147483647;
			files = (
			);
			runOnlyForDeploymentPostprocessing = 0;
		};
/* End PBXResourcesBuildPhase section */

/* Begin PBXSourcesBuildPhase section */
		E915C84A2D98C64D000C0BD9 /* Sources */ = {
			isa = PBXSourcesBuildPhase;
			buildActionMask = 2147483647;
			files = (
			);
			runOnlyForDeploymentPostprocessing = 0;
		};
		E915C8602D98C64F000C0BD9 /* Sources */ = {
			isa = PBXSourcesBuildPhase;
			buildActionMask = 2147483647;
			files = (
			);
			runOnlyForDeploymentPostprocessing = 0;
		};
		E915C86A2D98C64F000C0BD9 /* Sources */ = {
			isa = PBXSourcesBuildPhase;
			buildActionMask = 2147483647;
			files = (
			);
			runOnlyForDeploymentPostprocessing = 0;
		};
/* End PBXSourcesBuildPhase section */

/* Begin PBXTargetDependency section */
		E915C8662D98C64F000C0BD9 /* PBXTargetDependency */ = {
			isa = PBXTargetDependency;
			target = E915C84D2D98C64D000C0BD9 /* Project1-ToDoList-Casafranca */;
			targetProxy = E915C8652D98C64F000C0BD9 /* PBXContainerItemProxy */;
		};
		E915C8702D98C64F000C0BD9 /* PBXTargetDependency */ = {
			isa = PBXTargetDependency;
			target = E915C84D2D98C64D000C0BD9 /* Project1-ToDoList-Casafranca */;
			targetProxy = E915C86F2D98C64F000C0BD9 /* PBXContainerItemProxy */;
		};
/* End PBXTargetDependency section */

/* Begin XCBuildConfiguration section */
		E915C8782D98C64F000C0BD9 /* Debug */ = {
			isa = XCBuildConfiguration;
			buildSettings = {
				ASSETCATALOG_COMPILER_APPICON_NAME = AppIcon;
				ASSETCATALOG_COMPILER_GLOBAL_ACCENT_COLOR_NAME = AccentColor;
				CODE_SIGN_STYLE = Automatic;
				CURRENT_PROJECT_VERSION = 1;
				DEVELOPMENT_TEAM = HUSSB9QG5P;
				GENERATE_INFOPLIST_FILE = YES;
				INFOPLIST_FILE = "Project1-ToDoList-Casafranca/Info.plist";
				INFOPLIST_KEY_UIApplicationSupportsIndirectInputEvents = YES;
				INFOPLIST_KEY_UILaunchStoryboardName = LaunchScreen;
				INFOPLIST_KEY_UIMainStoryboardFile = Main;
				INFOPLIST_KEY_UISupportedInterfaceOrientations_iPad = "UIInterfaceOrientationPortrait UIInterfaceOrientationPortraitUpsideDown UIInterfaceOrientationLandscapeLeft UIInterfaceOrientationLandscapeRight";
				INFOPLIST_KEY_UISupportedInterfaceOrientations_iPhone = "UIInterfaceOrientationPortrait UIInterfaceOrientationLandscapeLeft UIInterfaceOrientationLandscapeRight";
				LD_RUNPATH_SEARCH_PATHS = (
					"$(inherited)",
					"@executable_path/Frameworks",
				);
				MARKETING_VERSION = 1.0;
				PRODUCT_BUNDLE_IDENTIFIER = "ACC.Project1-ToDoList-Casafranca";
				PRODUCT_NAME = "$(TARGET_NAME)";
				SWIFT_EMIT_LOC_STRINGS = YES;
				SWIFT_VERSION = 5.0;
				TARGETED_DEVICE_FAMILY = "1,2";
			};
			name = Debug;
		};
		E915C8792D98C64F000C0BD9 /* Release */ = {
			isa = XCBuildConfiguration;
			buildSettings = {
				ASSETCATALOG_COMPILER_APPICON_NAME = AppIcon;
				ASSETCATALOG_COMPILER_GLOBAL_ACCENT_COLOR_NAME = AccentColor;
				CODE_SIGN_STYLE = Automatic;
				CURRENT_PROJECT_VERSION = 1;
				DEVELOPMENT_TEAM = HUSSB9QG5P;
				GENERATE_INFOPLIST_FILE = YES;
				INFOPLIST_FILE = "Project1-ToDoList-Casafranca/Info.plist";
				INFOPLIST_KEY_UIApplicationSupportsIndirectInputEvents = YES;
				INFOPLIST_KEY_UILaunchStoryboardName = LaunchScreen;
				INFOPLIST_KEY_UIMainStoryboardFile = Main;
				INFOPLIST_KEY_UISupportedInterfaceOrientations_iPad = "UIInterfaceOrientationPortrait UIInterfaceOrientationPortraitUpsideDown UIInterfaceOrientationLandscapeLeft UIInterfaceOrientationLandscapeRight";
				INFOPLIST_KEY_UISupportedInterfaceOrientations_iPhone = "UIInterfaceOrientationPortrait UIInterfaceOrientationLandscapeLeft UIInterfaceOrientationLandscapeRight";
				LD_RUNPATH_SEARCH_PATHS = (
					"$(inherited)",
					"@executable_path/Frameworks",
				);
				MARKETING_VERSION = 1.0;
				PRODUCT_BUNDLE_IDENTIFIER = "ACC.Project1-ToDoList-Casafranca";
				PRODUCT_NAME = "$(TARGET_NAME)";
				SWIFT_EMIT_LOC_STRINGS = YES;
				SWIFT_VERSION = 5.0;
				TARGETED_DEVICE_FAMILY = "1,2";
			};
			name = Release;
		};
		E915C87A2D98C64F000C0BD9 /* Debug */ = {
			isa = XCBuildConfiguration;
			buildSettings = {
				ALWAYS_SEARCH_USER_PATHS = NO;
				ASSETCATALOG_COMPILER_GENERATE_SWIFT_ASSET_SYMBOL_EXTENSIONS = YES;
				CLANG_ANALYZER_NONNULL = YES;
				CLANG_ANALYZER_NUMBER_OBJECT_CONVERSION = YES_AGGRESSIVE;
				CLANG_CXX_LANGUAGE_STANDARD = "gnu++20";
				CLANG_ENABLE_MODULES = YES;
				CLANG_ENABLE_OBJC_ARC = YES;
				CLANG_ENABLE_OBJC_WEAK = YES;
				CLANG_WARN_BLOCK_CAPTURE_AUTORELEASING = YES;
				CLANG_WARN_BOOL_CONVERSION = YES;
				CLANG_WARN_COMMA = YES;
				CLANG_WARN_CONSTANT_CONVERSION = YES;
				CLANG_WARN_DEPRECATED_OBJC_IMPLEMENTATIONS = YES;
				CLANG_WARN_DIRECT_OBJC_ISA_USAGE = YES_ERROR;
				CLANG_WARN_DOCUMENTATION_COMMENTS = YES;
				CLANG_WARN_EMPTY_BODY = YES;
				CLANG_WARN_ENUM_CONVERSION = YES;
				CLANG_WARN_INFINITE_RECURSION = YES;
				CLANG_WARN_INT_CONVERSION = YES;
				CLANG_WARN_NON_LITERAL_NULL_CONVERSION = YES;
				CLANG_WARN_OBJC_IMPLICIT_RETAIN_SELF = YES;
				CLANG_WARN_OBJC_LITERAL_CONVERSION = YES;
				CLANG_WARN_OBJC_ROOT_CLASS = YES_ERROR;
				CLANG_WARN_QUOTED_INCLUDE_IN_FRAMEWORK_HEADER = YES;
				CLANG_WARN_RANGE_LOOP_ANALYSIS = YES;
				CLANG_WARN_STRICT_PROTOTYPES = YES;
				CLANG_WARN_SUSPICIOUS_MOVE = YES;
				CLANG_WARN_UNGUARDED_AVAILABILITY = YES_AGGRESSIVE;
				CLANG_WARN_UNREACHABLE_CODE = YES;
				CLANG_WARN__DUPLICATE_METHOD_MATCH = YES;
				COPY_PHASE_STRIP = NO;
				DEBUG_INFORMATION_FORMAT = dwarf;
				ENABLE_STRICT_OBJC_MSGSEND = YES;
				ENABLE_TESTABILITY = YES;
				ENABLE_USER_SCRIPT_SANDBOXING = YES;
				GCC_C_LANGUAGE_STANDARD = gnu17;
				GCC_DYNAMIC_NO_PIC = NO;
				GCC_NO_COMMON_BLOCKS = YES;
				GCC_OPTIMIZATION_LEVEL = 0;
				GCC_PREPROCESSOR_DEFINITIONS = (
					"DEBUG=1",
					"$(inherited)",
				);
				GCC_WARN_64_TO_32_BIT_CONVERSION = YES;
				GCC_WARN_ABOUT_RETURN_TYPE = YES_ERROR;
				GCC_WARN_UNDECLARED_SELECTOR = YES;
				GCC_WARN_UNINITIALIZED_AUTOS = YES_AGGRESSIVE;
				GCC_WARN_UNUSED_FUNCTION = YES;
				GCC_WARN_UNUSED_VARIABLE = YES;
				IPHONEOS_DEPLOYMENT_TARGET = 18.2;
				LOCALIZATION_PREFERS_STRING_CATALOGS = YES;
				MTL_ENABLE_DEBUG_INFO = INCLUDE_SOURCE;
				MTL_FAST_MATH = YES;
				ONLY_ACTIVE_ARCH = YES;
				SDKROOT = iphoneos;
				SWIFT_ACTIVE_COMPILATION_CONDITIONS = "DEBUG $(inherited)";
				SWIFT_OPTIMIZATION_LEVEL = "-Onone";
			};
			name = Debug;
		};
		E915C87B2D98C64F000C0BD9 /* Release */ = {
			isa = XCBuildConfiguration;
			buildSettings = {
				ALWAYS_SEARCH_USER_PATHS = NO;
				ASSETCATALOG_COMPILER_GENERATE_SWIFT_ASSET_SYMBOL_EXTENSIONS = YES;
				CLANG_ANALYZER_NONNULL = YES;
				CLANG_ANALYZER_NUMBER_OBJECT_CONVERSION = YES_AGGRESSIVE;
				CLANG_CXX_LANGUAGE_STANDARD = "gnu++20";
				CLANG_ENABLE_MODULES = YES;
				CLANG_ENABLE_OBJC_ARC = YES;
				CLANG_ENABLE_OBJC_WEAK = YES;
				CLANG_WARN_BLOCK_CAPTURE_AUTORELEASING = YES;
				CLANG_WARN_BOOL_CONVERSION = YES;
				CLANG_WARN_COMMA = YES;
				CLANG_WARN_CONSTANT_CONVERSION = YES;
				CLANG_WARN_DEPRECATED_OBJC_IMPLEMENTATIONS = YES;
				CLANG_WARN_DIRECT_OBJC_ISA_USAGE = YES_ERROR;
				CLANG_WARN_DOCUMENTATION_COMMENTS = YES;
				CLANG_WARN_EMPTY_BODY = YES;
				CLANG_WARN_ENUM_CONVERSION = YES;
				CLANG_WARN_INFINITE_RECURSION = YES;
				CLANG_WARN_INT_CONVERSION = YES;
				CLANG_WARN_NON_LITERAL_NULL_CONVERSION = YES;
				CLANG_WARN_OBJC_IMPLICIT_RETAIN_SELF = YES;
				CLANG_WARN_OBJC_LITERAL_CONVERSION = YES;
				CLANG_WARN_OBJC_ROOT_CLASS = YES_ERROR;
				CLANG_WARN_QUOTED_INCLUDE_IN_FRAMEWORK_HEADER = YES;
				CLANG_WARN_RANGE_LOOP_ANALYSIS = YES;
				CLANG_WARN_STRICT_PROTOTYPES = YES;
				CLANG_WARN_SUSPICIOUS_MOVE = YES;
				CLANG_WARN_UNGUARDED_AVAILABILITY = YES_AGGRESSIVE;
				CLANG_WARN_UNREACHABLE_CODE = YES;
				CLANG_WARN__DUPLICATE_METHOD_MATCH = YES;
				COPY_PHASE_STRIP = NO;
				DEBUG_INFORMATION_FORMAT = "dwarf-with-dsym";
				ENABLE_NS_ASSERTIONS = NO;
				ENABLE_STRICT_OBJC_MSGSEND = YES;
				ENABLE_USER_SCRIPT_SANDBOXING = YES;
				GCC_C_LANGUAGE_STANDARD = gnu17;
				GCC_NO_COMMON_BLOCKS = YES;
				GCC_WARN_64_TO_32_BIT_CONVERSION = YES;
				GCC_WARN_ABOUT_RETURN_TYPE = YES_ERROR;
				GCC_WARN_UNDECLARED_SELECTOR = YES;
				GCC_WARN_UNINITIALIZED_AUTOS = YES_AGGRESSIVE;
				GCC_WARN_UNUSED_FUNCTION = YES;
				GCC_WARN_UNUSED_VARIABLE = YES;
				IPHONEOS_DEPLOYMENT_TARGET = 18.2;
				LOCALIZATION_PREFERS_STRING_CATALOGS = YES;
				MTL_ENABLE_DEBUG_INFO = NO;
				MTL_FAST_MATH = YES;
				SDKROOT = iphoneos;
				SWIFT_COMPILATION_MODE = wholemodule;
				VALIDATE_PRODUCT = YES;
			};
			name = Release;
		};
		E915C87D2D98C64F000C0BD9 /* Debug */ = {
			isa = XCBuildConfiguration;
			buildSettings = {
				BUNDLE_LOADER = "$(TEST_HOST)";
				CODE_SIGN_STYLE = Automatic;
				CURRENT_PROJECT_VERSION = 1;
				DEVELOPMENT_TEAM = HUSSB9QG5P;
				GENERATE_INFOPLIST_FILE = YES;
				IPHONEOS_DEPLOYMENT_TARGET = 18.2;
				MARKETING_VERSION = 1.0;
				PRODUCT_BUNDLE_IDENTIFIER = "ACC.Project1-ToDoList-CasafrancaTests";
				PRODUCT_NAME = "$(TARGET_NAME)";
				SWIFT_EMIT_LOC_STRINGS = NO;
				SWIFT_VERSION = 5.0;
				TARGETED_DEVICE_FAMILY = "1,2";
				TEST_HOST = "$(BUILT_PRODUCTS_DIR)/Project1-ToDoList-Casafranca.app/$(BUNDLE_EXECUTABLE_FOLDER_PATH)/Project1-ToDoList-Casafranca";
			};
			name = Debug;
		};
		E915C87E2D98C64F000C0BD9 /* Release */ = {
			isa = XCBuildConfiguration;
			buildSettings = {
				BUNDLE_LOADER = "$(TEST_HOST)";
				CODE_SIGN_STYLE = Automatic;
				CURRENT_PROJECT_VERSION = 1;
				DEVELOPMENT_TEAM = HUSSB9QG5P;
				GENERATE_INFOPLIST_FILE = YES;
				IPHONEOS_DEPLOYMENT_TARGET = 18.2;
				MARKETING_VERSION = 1.0;
				PRODUCT_BUNDLE_IDENTIFIER = "ACC.Project1-ToDoList-CasafrancaTests";
				PRODUCT_NAME = "$(TARGET_NAME)";
				SWIFT_EMIT_LOC_STRINGS = NO;
				SWIFT_VERSION = 5.0;
				TARGETED_DEVICE_FAMILY = "1,2";
				TEST_HOST = "$(BUILT_PRODUCTS_DIR)/Project1-ToDoList-Casafranca.app/$(BUNDLE_EXECUTABLE_FOLDER_PATH)/Project1-ToDoList-Casafranca";
			};
			name = Release;
		};
		E915C8802D98C64F000C0BD9 /* Debug */ = {
			isa = XCBuildConfiguration;
			buildSettings = {
				CODE_SIGN_STYLE = Automatic;
				CURRENT_PROJECT_VERSION = 1;
				DEVELOPMENT_TEAM = HUSSB9QG5P;
				GENERATE_INFOPLIST_FILE = YES;
				MARKETING_VERSION = 1.0;
				PRODUCT_BUNDLE_IDENTIFIER = "ACC.Project1-ToDoList-CasafrancaUITests";
				PRODUCT_NAME = "$(TARGET_NAME)";
				SWIFT_EMIT_LOC_STRINGS = NO;
				SWIFT_VERSION = 5.0;
				TARGETED_DEVICE_FAMILY = "1,2";
				TEST_TARGET_NAME = "Project1-ToDoList-Casafranca";
			};
			name = Debug;
		};
		E915C8812D98C64F000C0BD9 /* Release */ = {
			isa = XCBuildConfiguration;
			buildSettings = {
				CODE_SIGN_STYLE = Automatic;
				CURRENT_PROJECT_VERSION = 1;
				DEVELOPMENT_TEAM = HUSSB9QG5P;
				GENERATE_INFOPLIST_FILE = YES;
				MARKETING_VERSION = 1.0;
				PRODUCT_BUNDLE_IDENTIFIER = "ACC.Project1-ToDoList-CasafrancaUITests";
				PRODUCT_NAME = "$(TARGET_NAME)";
				SWIFT_EMIT_LOC_STRINGS = NO;
				SWIFT_VERSION = 5.0;
				TARGETED_DEVICE_FAMILY = "1,2";
				TEST_TARGET_NAME = "Project1-ToDoList-Casafranca";
			};
			name = Release;
		};
/* End XCBuildConfiguration section */

/* Begin XCConfigurationList section */
		E915C8492D98C64D000C0BD9 /* Build configuration list for PBXProject "Project1-ToDoList-Casafranca" */ = {
			isa = XCConfigurationList;
			buildConfigurations = (
				E915C87A2D98C64F000C0BD9 /* Debug */,
				E915C87B2D98C64F000C0BD9 /* Release */,
			);
			defaultConfigurationIsVisible = 0;
			defaultConfigurationName = Release;
		};
		E915C8772D98C64F000C0BD9 /* Build configuration list for PBXNativeTarget "Project1-ToDoList-Casafranca" */ = {
			isa = XCConfigurationList;
			buildConfigurations = (
				E915C8782D98C64F000C0BD9 /* Debug */,
				E915C8792D98C64F000C0BD9 /* Release */,
			);
			defaultConfigurationIsVisible = 0;
			defaultConfigurationName = Release;
		};
		E915C87C2D98C64F000C0BD9 /* Build configuration list for PBXNativeTarget "Project1-ToDoList-CasafrancaTests" */ = {
			isa = XCConfigurationList;
			buildConfigurations = (
				E915C87D2D98C64F000C0BD9 /* Debug */,
				E915C87E2D98C64F000C0BD9 /* Release */,
			);
			defaultConfigurationIsVisible = 0;
			defaultConfigurationName = Release;
		};
		E915C87F2D98C64F000C0BD9 /* Build configuration list for PBXNativeTarget "Project1-ToDoList-CasafrancaUITests" */ = {
			isa = XCConfigurationList;
			buildConfigurations = (
				E915C8802D98C64F000C0BD9 /* Debug */,
				E915C8812D98C64F000C0BD9 /* Release */,
			);
			defaultConfigurationIsVisible = 0;
			defaultConfigurationName = Release;
		};
/* End XCConfigurationList section */
	};
	rootObject = E915C8462D98C64D000C0BD9 /* Project object */;
}
